// !$*UTF8*$!
{
	archiveVersion = 1;
	classes = {
	};
	objectVersion = 50;
	objects = {

/* Begin PBXBuildFile section */
		01DDD9FA260541CC000F07CB /* AppDelegate.swift in Sources */ = {isa = PBXBuildFile; fileRef = 01DDD9F9260541CC000F07CB /* AppDelegate.swift */; };
		01DDD9FC260541CC000F07CB /* SceneDelegate.swift in Sources */ = {isa = PBXBuildFile; fileRef = 01DDD9FB260541CC000F07CB /* SceneDelegate.swift */; };
		01DDD9FE260541CC000F07CB /* ViewController.swift in Sources */ = {isa = PBXBuildFile; fileRef = 01DDD9FD260541CC000F07CB /* ViewController.swift */; };
		01DDDA01260541CC000F07CB /* Main.storyboard in Resources */ = {isa = PBXBuildFile; fileRef = 01DDD9FF260541CC000F07CB /* Main.storyboard */; };
		01DDDA03260541CF000F07CB /* Assets.xcassets in Resources */ = {isa = PBXBuildFile; fileRef = 01DDDA02260541CF000F07CB /* Assets.xcassets */; };
		01DDDA06260541CF000F07CB /* LaunchScreen.storyboard in Resources */ = {isa = PBXBuildFile; fileRef = 01DDDA04260541CF000F07CB /* LaunchScreen.storyboard */; };
		01DDDA0F260541FB000F07CB /* SecondStoryboard.storyboard in Resources */ = {isa = PBXBuildFile; fileRef = 01DDDA0E260541FB000F07CB /* SecondStoryboard.storyboard */; };
		01DDDA1226054215000F07CB /* SecondViewController.swift in Sources */ = {isa = PBXBuildFile; fileRef = 01DDDA1126054215000F07CB /* SecondViewController.swift */; };
		01DDDA1526054231000F07CB /* carInfo.swift in Sources */ = {isa = PBXBuildFile; fileRef = 01DDDA1426054231000F07CB /* carInfo.swift */; };
/* End PBXBuildFile section */

/* Begin PBXFileReference section */
		01DDD9F6260541CC000F07CB /* task2.app */ = {isa = PBXFileReference; explicitFileType = wrapper.application; includeInIndex = 0; path = task2.app; sourceTree = BUILT_PRODUCTS_DIR; };
		01DDD9F9260541CC000F07CB /* AppDelegate.swift */ = {isa = PBXFileReference; lastKnownFileType = sourcecode.swift; path = AppDelegate.swift; sourceTree = "<group>"; };
		01DDD9FB260541CC000F07CB /* SceneDelegate.swift */ = {isa = PBXFileReference; lastKnownFileType = sourcecode.swift; path = SceneDelegate.swift; sourceTree = "<group>"; };
		01DDD9FD260541CC000F07CB /* ViewController.swift */ = {isa = PBXFileReference; lastKnownFileType = sourcecode.swift; path = ViewController.swift; sourceTree = "<group>"; };
		01DDDA00260541CC000F07CB /* Base */ = {isa = PBXFileReference; lastKnownFileType = file.storyboard; name = Base; path = Base.lproj/Main.storyboard; sourceTree = "<group>"; };
		01DDDA02260541CF000F07CB /* Assets.xcassets */ = {isa = PBXFileReference; lastKnownFileType = folder.assetcatalog; path = Assets.xcassets; sourceTree = "<group>"; };
		01DDDA05260541CF000F07CB /* Base */ = {isa = PBXFileReference; lastKnownFileType = file.storyboard; name = Base; path = Base.lproj/LaunchScreen.storyboard; sourceTree = "<group>"; };
		01DDDA07260541CF000F07CB /* Info.plist */ = {isa = PBXFileReference; lastKnownFileType = text.plist.xml; path = Info.plist; sourceTree = "<group>"; };
		01DDDA0E260541FB000F07CB /* SecondStoryboard.storyboard */ = {isa = PBXFileReference; lastKnownFileType = file.storyboard; path = SecondStoryboard.storyboard; sourceTree = "<group>"; };
		01DDDA1126054215000F07CB /* SecondViewController.swift */ = {isa = PBXFileReference; lastKnownFileType = sourcecode.swift; path = SecondViewController.swift; sourceTree = "<group>"; };
		01DDDA1426054231000F07CB /* carInfo.swift */ = {isa = PBXFileReference; lastKnownFileType = sourcecode.swift; path = carInfo.swift; sourceTree = "<group>"; };
/* End PBXFileReference section */

/* Begin PBXFrameworksBuildPhase section */
		01DDD9F3260541CC000F07CB /* Frameworks */ = {
			isa = PBXFrameworksBuildPhase;
			buildActionMask = 2147483647;
			files = (
			);
			runOnlyForDeploymentPostprocessing = 0;
		};
/* End PBXFrameworksBuildPhase section */

/* Begin PBXGroup section */
		01DDD9ED260541CC000F07CB = {
			isa = PBXGroup;
			children = (
				01DDD9F8260541CC000F07CB /* task2 */,
				01DDD9F7260541CC000F07CB /* Products */,
			);
			sourceTree = "<group>";
		};
		01DDD9F7260541CC000F07CB /* Products */ = {
			isa = PBXGroup;
			children = (
				01DDD9F6260541CC000F07CB /* task2.app */,
			);
			name = Products;
			sourceTree = "<group>";
		};
		01DDD9F8260541CC000F07CB /* task2 */ = {
			isa = PBXGroup;
			children = (
				01DDD9F9260541CC000F07CB /* AppDelegate.swift */,
				01DDD9FB260541CC000F07CB /* SceneDelegate.swift */,
				01DDDA1726054417000F07CB /* FirstViewController */,
				01DDDA1426054231000F07CB /* carInfo.swift */,
				01DDDA1926054496000F07CB /* SecondViewController */,
				01DDDA02260541CF000F07CB /* Assets.xcassets */,
				01DDDA04260541CF000F07CB /* LaunchScreen.storyboard */,
				01DDDA07260541CF000F07CB /* Info.plist */,
			);
			path = task2;
			sourceTree = "<group>";
		};
		01DDDA1726054417000F07CB /* FirstViewController */ = {
			isa = PBXGroup;
			children = (
				01DDD9FD260541CC000F07CB /* ViewController.swift */,
				01DDD9FF260541CC000F07CB /* Main.storyboard */,
			);
			path = FirstViewController;
			sourceTree = "<group>";
		};
		01DDDA1926054496000F07CB /* SecondViewController */ = {
			isa = PBXGroup;
			children = (
				01DDDA0E260541FB000F07CB /* SecondStoryboard.storyboard */,
				01DDDA1126054215000F07CB /* SecondViewController.swift */,
			);
			path = SecondViewController;
			sourceTree = "<group>";
		};
/* End PBXGroup section */

/* Begin PBXNativeTarget section */
		01DDD9F5260541CC000F07CB /* task2 */ = {
			isa = PBXNativeTarget;
			buildConfigurationList = 01DDDA0A260541CF000F07CB /* Build configuration list for PBXNativeTarget "task2" */;
			buildPhases = (
				01DDD9F2260541CC000F07CB /* Sources */,
				01DDD9F3260541CC000F07CB /* Frameworks */,
				01DDD9F4260541CC000F07CB /* Resources */,
			);
			buildRules = (
			);
			dependencies = (
			);
			name = task2;
			productName = task2;
			productReference = 01DDD9F6260541CC000F07CB /* task2.app */;
			productType = "com.apple.product-type.application";
		};
/* End PBXNativeTarget section */

/* Begin PBXProject section */
		01DDD9EE260541CC000F07CB /* Project object */ = {
			isa = PBXProject;
			attributes = {
				LastSwiftUpdateCheck = 1220;
				LastUpgradeCheck = 1220;
				TargetAttributes = {
					01DDD9F5260541CC000F07CB = {
						CreatedOnToolsVersion = 12.2;
					};
				};
			};
			buildConfigurationList = 01DDD9F1260541CC000F07CB /* Build configuration list for PBXProject "task2" */;
			compatibilityVersion = "Xcode 9.3";
			developmentRegion = en;
			hasScannedForEncodings = 0;
			knownRegions = (
				en,
				Base,
			);
			mainGroup = 01DDD9ED260541CC000F07CB;
			productRefGroup = 01DDD9F7260541CC000F07CB /* Products */;
			projectDirPath = "";
			projectRoot = "";
			targets = (
				01DDD9F5260541CC000F07CB /* task2 */,
			);
		};
/* End PBXProject section */

/* Begin PBXResourcesBuildPhase section */
		01DDD9F4260541CC000F07CB /* Resources */ = {
			isa = PBXResourcesBuildPhase;
			buildActionMask = 2147483647;
			files = (
				01DDDA06260541CF000F07CB /* LaunchScreen.storyboard in Resources */,
				01DDDA03260541CF000F07CB /* Assets.xcassets in Resources */,
				01DDDA01260541CC000F07CB /* Main.storyboard in Resources */,
				01DDDA0F260541FB000F07CB /* SecondStoryboard.storyboard in Resources */,
			);
			runOnlyForDeploymentPostprocessing = 0;
		};
/* End PBXResourcesBuildPhase section */

/* Begin PBXSourcesBuildPhase section */
		01DDD9F2260541CC000F07CB /* Sources */ = {
			isa = PBXSourcesBuildPhase;
			buildActionMask = 2147483647;
			files = (
				01DDDA1226054215000F07CB /* SecondViewController.swift in Sources */,
				01DDD9FE260541CC000F07CB /* ViewController.swift in Sources */,
				01DDD9FA260541CC000F07CB /* AppDelegate.swift in Sources */,
				01DDD9FC260541CC000F07CB /* SceneDelegate.swift in Sources */,
				01DDDA1526054231000F07CB /* carInfo.swift in Sources */,
			);
			runOnlyForDeploymentPostprocessing = 0;
		};
/* End PBXSourcesBuildPhase section */

/* Begin PBXVariantGroup section */
		01DDD9FF260541CC000F07CB /* Main.storyboard */ = {
			isa = PBXVariantGroup;
			children = (
				01DDDA00260541CC000F07CB /* Base */,
			);
			name = Main.storyboard;
			sourceTree = "<group>";
		};
		01DDDA04260541CF000F07CB /* LaunchScreen.storyboard */ = {
			isa = PBXVariantGroup;
			children = (
				01DDDA05260541CF000F07CB /* Base */,
			);
			name = LaunchScreen.storyboard;
			sourceTree = "<group>";
		};
/* End PBXVariantGroup section */

/* Begin XCBuildConfiguration section */
		01DDDA08260541CF000F07CB /* Debug */ = {
			isa = XCBuildConfiguration;
			buildSettings = {
				ALWAYS_SEARCH_USER_PATHS = NO;
				CLANG_ANALYZER_NONNULL = YES;
				CLANG_ANALYZER_NUMBER_OBJECT_CONVERSION = YES_AGGRESSIVE;
				CLANG_CXX_LANGUAGE_STANDARD = "gnu++14";
				CLANG_CXX_LIBRARY = "libc++";
				CLANG_ENABLE_MODULES = YES;
				CLANG_ENABLE_OBJC_ARC = YES;
				CLANG_ENABLE_OBJC_WEAK = YES;
				CLANG_WARN_BLOCK_CAPTURE_AUTORELEASING = YES;
				CLANG_WARN_BOOL_CONVERSION = YES;
				CLANG_WARN_COMMA = YES;
				CLANG_WARN_CONSTANT_CONVERSION = YES;
				CLANG_WARN_DEPRECATED_OBJC_IMPLEMENTATIONS = YES;
				CLANG_WARN_DIRECT_OBJC_ISA_USAGE = YES_ERROR;
				CLANG_WARN_DOCUMENTATION_COMMENTS = YES;
				CLANG_WARN_EMPTY_BODY = YES;
				CLANG_WARN_ENUM_CONVERSION = YES;
				CLANG_WARN_INFINITE_RECURSION = YES;
				CLANG_WARN_INT_CONVERSION = YES;
				CLANG_WARN_NON_LITERAL_NULL_CONVERSION = YES;
				CLANG_WARN_OBJC_IMPLICIT_RETAIN_SELF = YES;
				CLANG_WARN_OBJC_LITERAL_CONVERSION = YES;
				CLANG_WARN_OBJC_ROOT_CLASS = YES_ERROR;
				CLANG_WARN_QUOTED_INCLUDE_IN_FRAMEWORK_HEADER = YES;
				CLANG_WARN_RANGE_LOOP_ANALYSIS = YES;
				CLANG_WARN_STRICT_PROTOTYPES = YES;
				CLANG_WARN_SUSPICIOUS_MOVE = YES;
				CLANG_WARN_UNGUARDED_AVAILABILITY = YES_AGGRESSIVE;
				CLANG_WARN_UNREACHABLE_CODE = YES;
				CLANG_WARN__DUPLICATE_METHOD_MATCH = YES;
				COPY_PHASE_STRIP = NO;
				DEBUG_INFORMATION_FORMAT = dwarf;
				ENABLE_STRICT_OBJC_MSGSEND = YES;
				ENABLE_TESTABILITY = YES;
				GCC_C_LANGUAGE_STANDARD = gnu11;
				GCC_DYNAMIC_NO_PIC = NO;
				GCC_NO_COMMON_BLOCKS = YES;
				GCC_OPTIMIZATION_LEVEL = 0;
				GCC_PREPROCESSOR_DEFINITIONS = (
					"DEBUG=1",
					"$(inherited)",
				);
				GCC_WARN_64_TO_32_BIT_CONVERSION = YES;
				GCC_WARN_ABOUT_RETURN_TYPE = YES_ERROR;
				GCC_WARN_UNDECLARED_SELECTOR = YES;
				GCC_WARN_UNINITIALIZED_AUTOS = YES_AGGRESSIVE;
				GCC_WARN_UNUSED_FUNCTION = YES;
				GCC_WARN_UNUSED_VARIABLE = YES;
				IPHONEOS_DEPLOYMENT_TARGET = 14.2;
				MTL_ENABLE_DEBUG_INFO = INCLUDE_SOURCE;
				MTL_FAST_MATH = YES;
				ONLY_ACTIVE_ARCH = YES;
				SDKROOT = iphoneos;
				SWIFT_ACTIVE_COMPILATION_CONDITIONS = DEBUG;
				SWIFT_OPTIMIZATION_LEVEL = "-Onone";
			};
			name = Debug;
		};
		01DDDA09260541CF000F07CB /* Release */ = {
			isa = XCBuildConfiguration;
			buildSettings = {
				ALWAYS_SEARCH_USER_PATHS = NO;
				CLANG_ANALYZER_NONNULL = YES;
				CLANG_ANALYZER_NUMBER_OBJECT_CONVERSION = YES_AGGRESSIVE;
				CLANG_CXX_LANGUAGE_STANDARD = "gnu++14";
				CLANG_CXX_LIBRARY = "libc++";
				CLANG_ENABLE_MODULES = YES;
				CLANG_ENABLE_OBJC_ARC = YES;
				CLANG_ENABLE_OBJC_WEAK = YES;
				CLANG_WARN_BLOCK_CAPTURE_AUTORELEASING = YES;
				CLANG_WARN_BOOL_CONVERSION = YES;
				CLANG_WARN_COMMA = YES;
				CLANG_WARN_CONSTANT_CONVERSION = YES;
				CLANG_WARN_DEPRECATED_OBJC_IMPLEMENTATIONS = YES;
				CLANG_WARN_DIRECT_OBJC_ISA_USAGE = YES_ERROR;
				CLANG_WARN_DOCUMENTATION_COMMENTS = YES;
				CLANG_WARN_EMPTY_BODY = YES;
				CLANG_WARN_ENUM_CONVERSION = YES;
				CLANG_WARN_INFINITE_RECURSION = YES;
				CLANG_WARN_INT_CONVERSION = YES;
				CLANG_WARN_NON_LITERAL_NULL_CONVERSION = YES;
				CLANG_WARN_OBJC_IMPLICIT_RETAIN_SELF = YES;
				CLANG_WARN_OBJC_LITERAL_CONVERSION = YES;
				CLANG_WARN_OBJC_ROOT_CLASS = YES_ERROR;
				CLANG_WARN_QUOTED_INCLUDE_IN_FRAMEWORK_HEADER = YES;
				CLANG_WARN_RANGE_LOOP_ANALYSIS = YES;
				CLANG_WARN_STRICT_PROTOTYPES = YES;
				CLANG_WARN_SUSPICIOUS_MOVE = YES;
				CLANG_WARN_UNGUARDED_AVAILABILITY = YES_AGGRESSIVE;
				CLANG_WARN_UNREACHABLE_CODE = YES;
				CLANG_WARN__DUPLICATE_METHOD_MATCH = YES;
				COPY_PHASE_STRIP = NO;
				DEBUG_INFORMATION_FORMAT = "dwarf-with-dsym";
				ENABLE_NS_ASSERTIONS = NO;
				ENABLE_STRICT_OBJC_MSGSEND = YES;
				GCC_C_LANGUAGE_STANDARD = gnu11;
				GCC_NO_COMMON_BLOCKS = YES;
				GCC_WARN_64_TO_32_BIT_CONVERSION = YES;
				GCC_WARN_ABOUT_RETURN_TYPE = YES_ERROR;
				GCC_WARN_UNDECLARED_SELECTOR = YES;
				GCC_WARN_UNINITIALIZED_AUTOS = YES_AGGRESSIVE;
				GCC_WARN_UNUSED_FUNCTION = YES;
				GCC_WARN_UNUSED_VARIABLE = YES;
				IPHONEOS_DEPLOYMENT_TARGET = 14.2;
				MTL_ENABLE_DEBUG_INFO = NO;
				MTL_FAST_MATH = YES;
				SDKROOT = iphoneos;
				SWIFT_COMPILATION_MODE = wholemodule;
				SWIFT_OPTIMIZATION_LEVEL = "-O";
				VALIDATE_PRODUCT = YES;
			};
			name = Release;
		};
		01DDDA0B260541CF000F07CB /* Debug */ = {
			isa = XCBuildConfiguration;
			buildSettings = {
				ASSETCATALOG_COMPILER_APPICON_NAME = AppIcon;
				ASSETCATALOG_COMPILER_GLOBAL_ACCENT_COLOR_NAME = AccentColor;
				CODE_SIGN_STYLE = Automatic;
				INFOPLIST_FILE = task2/Info.plist;
				LD_RUNPATH_SEARCH_PATHS = (
					"$(inherited)",
					"@executable_path/Frameworks",
				);
				PRODUCT_BUNDLE_IDENTIFIER = "----.task2";
				PRODUCT_NAME = "$(TARGET_NAME)";
				SWIFT_VERSION = 5.0;
				TARGETED_DEVICE_FAMILY = "1,2";
			};
			name = Debug;
		};
		01DDDA0C260541CF000F07CB /* Release */ = {
			isa = XCBuildConfiguration;
			buildSettings = {
				ASSETCATALOG_COMPILER_APPICON_NAME = AppIcon;
				ASSETCATALOG_COMPILER_GLOBAL_ACCENT_COLOR_NAME = AccentColor;
				CODE_SIGN_STYLE = Automatic;
				INFOPLIST_FILE = task2/Info.plist;
				LD_RUNPATH_SEARCH_PATHS = (
					"$(inherited)",
					"@executable_path/Frameworks",
				);
				PRODUCT_BUNDLE_IDENTIFIER = "----.task2";
				PRODUCT_NAME = "$(TARGET_NAME)";
				SWIFT_VERSION = 5.0;
				TARGETED_DEVICE_FAMILY = "1,2";
			};
			name = Release;
		};
/* End XCBuildConfiguration section */

/* Begin XCConfigurationList section */
		01DDD9F1260541CC000F07CB /* Build configuration list for PBXProject "task2" */ = {
			isa = XCConfigurationList;
			buildConfigurations = (
				01DDDA08260541CF000F07CB /* Debug */,
				01DDDA09260541CF000F07CB /* Release */,
			);
			defaultConfigurationIsVisible = 0;
			defaultConfigurationName = Release;
		};
		01DDDA0A260541CF000F07CB /* Build configuration list for PBXNativeTarget "task2" */ = {
			isa = XCConfigurationList;
			buildConfigurations = (
				01DDDA0B260541CF000F07CB /* Debug */,
				01DDDA0C260541CF000F07CB /* Release */,
			);
			defaultConfigurationIsVisible = 0;
			defaultConfigurationName = Release;
		};
/* End XCConfigurationList section */
	};
	rootObject = 01DDD9EE260541CC000F07CB /* Project object */;
}
